{
  "nodes": {
    "nixpkgs": {
      "locked": {
        "lastModified": 1790113641,
        "narHash": "sha256-D2aaQetafdpHxbwA4ldAxs51UX0b11pXL+JL/5L8VrM=",
        "owner": "NixOS",
        "repo": "nixpkgs",
        "rev": "1bc55b9def8165e82073919945c3239903fe4dc2",
        "type": "github"
      },
      "original": {
        "owner": "NixOS",
        "ref": "nixos-26.05",
        "repo": "nixpkgs",
        "type": "github"
      }
    },
    "previous": {
      "flake": false,
      "locked": {
        "lastModified": 1789252631,
        "narHash": "sha256-sS+5c/I3RYI6r1p7vkGThO6MqJU98ROwLPbafo5EHIQ=",
        "owner": "alexhaberl",
        "repo": "VaultLink",
        "rev": "0af4612bd3c32a995b19de4cd19ca05ac4fd4855",
        "type": "github"
      },
      "original": {
        "owner": "alexhaberl",
        "repo": "VaultLink",
        "rev": "0af4612bd3c32a995b19de4cd19ca05ac4fd4855",
        "type": "github"
      }
    },
    "root": {
      "inputs": {
        "nixpkgs": "nixpkgs",
        "previous": "previous",
        "rust-overlay": "rust-overlay"
      }
    },
    "rust-overlay": {
      "inputs": {
        "nixpkgs": [
          "nixpkgs"
        ]
      },
      "locked": {
        "lastModified": 1790234952,
        "narHash": "sha256-tjQa1vDoHJir4lasZTakz/xgmsfB6SRjeQqaIbefFOk=",
        "owner": "oxalica",
        "repo": "rust-overlay",
        "rev": "ed34466c59b766481248959a21a6e46cf0c60468",
        "type": "github"
      },
      "original": {
        "owner": "oxalica",
        "repo": "rust-overlay",
        "type": "github"
      }
    }
  },
  "root": "root",
  "version": 7
}
